{
  "name": "angularinternship",
  "version": "0.0.0",
  "lockfileVersion": 1,
  "requires": true,
  "dependencies": {
    "@angular/material": {
      "version": "10.2.5",
      "resolved": "https://registry.npmjs.org/@angular/material/-/material-10.2.5.tgz",
      "integrity": "sha512-gYFqpXdLLuRYb9N1jVj9Gig/AlqsEfT/m+RtzHm4mawmHqeQbEV+0C0Qvc6fKRb1060Nkzfz8TDNGu5B+Xzq5A==",
      "requires": {
        "tslib": "^2.0.0"
      },
      "dependencies": {
        "tslib": {
          "version": "2.0.3",
          "resolved": "https://registry.npmjs.org/tslib/-/tslib-2.0.3.tgz",
          "integrity": "sha512-uZtkfKblCEQtZKBF6EBXVZeQNl82yqtDQdv+eck8u7tdPxjLu2/lp5/uPW+um2tpuxINHWy3GhiccY7QgEaVHQ=="
        }
      }
    }
  }
}
